
Microsoft Visual Studio Solution File, Format Version 11.00
# Visual C++ Express 2010
Project("{8BC9CEB8-8B4A-11D0-8D11-00A0C91BC942}") = "BinaryTrees", "BinaryTrees.vcxproj", "{706BE81D-35B2-47C3-84E0-A752FFBB4A84}"
EndProject
Project("{8BC9CEB8-8B4A-11D0-8D11-00A0C91BC942}") = "JSW_binaryTree", "..\JSW_binaryTree\JSW_binaryTree.vcxproj", "{9F435859-E945-44BC-95F7-6054B51F21D6}"
EndProject
Project("{8BC9CEB8-8B4A-11D0-8D11-00A0C91BC942}") = "MazeSolvers", "..\RatTraversals\RatTraversals.vcxproj", "{29D51DA8-C19E-4AAA-A028-90691D543455}"
EndProject
Project("{8BC9CEB8-8B4A-11D0-8D11-00A0C91BC942}") = "subsetsum", "..\subsetsum\subsetsum.vcxproj", "{B83AE2A4-9013-432A-A1A8-0CD805C992CF}"
EndProject
Project("{8BC9CEB8-8B4A-11D0-8D11-00A0C91BC942}") = "GraphColoring", "GraphColoring\GraphColoring.vcxproj", "{42E852F5-84FF-4708-B7C3-92D506718980}"
EndProject
Project("{8BC9CEB8-8B4A-11D0-8D11-00A0C91BC942}") = "test", "..\test\test.vcxproj", "{CF4DB4BB-D1D2-49DE-9E2C-B2AEBA8BC126}"
EndProject
Global
	GlobalSection(SolutionConfigurationPlatforms) = preSolution
		Debug|Win32 = Debug|Win32
		Release|Win32 = Release|Win32
	EndGlobalSection
	GlobalSection(ProjectConfigurationPlatforms) = postSolution
		{706BE81D-35B2-47C3-84E0-A752FFBB4A84}.Debug|Win32.ActiveCfg = Debug|Win32
		{706BE81D-35B2-47C3-84E0-A752FFBB4A84}.Debug|Win32.Build.0 = Debug|Win32
		{706BE81D-35B2-47C3-84E0-A752FFBB4A84}.Release|Win32.ActiveCfg = Release|Win32
		{706BE81D-35B2-47C3-84E0-A752FFBB4A84}.Release|Win32.Build.0 = Release|Win32
		{9F435859-E945-44BC-95F7-6054B51F21D6}.Debug|Win32.ActiveCfg = Debug|Win32
		{9F435859-E945-44BC-95F7-6054B51F21D6}.Debug|Win32.Build.0 = Debug|Win32
		{9F435859-E945-44BC-95F7-6054B51F21D6}.Release|Win32.ActiveCfg = Release|Win32
		{9F435859-E945-44BC-95F7-6054B51F21D6}.Release|Win32.Build.0 = Release|Win32
		{29D51DA8-C19E-4AAA-A028-90691D543455}.Debug|Win32.ActiveCfg = Debug|Win32
		{29D51DA8-C19E-4AAA-A028-90691D543455}.Debug|Win32.Build.0 = Debug|Win32
		{29D51DA8-C19E-4AAA-A028-90691D543455}.Release|Win32.ActiveCfg = Release|Win32
		{29D51DA8-C19E-4AAA-A028-90691D543455}.Release|Win32.Build.0 = Release|Win32
		{B83AE2A4-9013-432A-A1A8-0CD805C992CF}.Debug|Win32.ActiveCfg = Debug|Win32
		{B83AE2A4-9013-432A-A1A8-0CD805C992CF}.Debug|Win32.Build.0 = Debug|Win32
		{B83AE2A4-9013-432A-A1A8-0CD805C992CF}.Release|Win32.ActiveCfg = Release|Win32
		{B83AE2A4-9013-432A-A1A8-0CD805C992CF}.Release|Win32.Build.0 = Release|Win32
		{42E852F5-84FF-4708-B7C3-92D506718980}.Debug|Win32.ActiveCfg = Debug|Win32
		{42E852F5-84FF-4708-B7C3-92D506718980}.Debug|Win32.Build.0 = Debug|Win32
		{42E852F5-84FF-4708-B7C3-92D506718980}.Release|Win32.ActiveCfg = Release|Win32
		{42E852F5-84FF-4708-B7C3-92D506718980}.Release|Win32.Build.0 = Release|Win32
		{CF4DB4BB-D1D2-49DE-9E2C-B2AEBA8BC126}.Debug|Win32.ActiveCfg = Debug|Win32
		{CF4DB4BB-D1D2-49DE-9E2C-B2AEBA8BC126}.Debug|Win32.Build.0 = Debug|Win32
		{CF4DB4BB-D1D2-49DE-9E2C-B2AEBA8BC126}.Release|Win32.ActiveCfg = Release|Win32
		{CF4DB4BB-D1D2-49DE-9E2C-B2AEBA8BC126}.Release|Win32.Build.0 = Release|Win32
	EndGlobalSection
	GlobalSection(SolutionProperties) = preSolution
		HideSolutionNode = FALSE
	EndGlobalSection
EndGlobal
